// !$*UTF8*$!
{
	archiveVersion = 1;
	classes = {
	};
	objectVersion = 46;
	objects = {

/* Begin PBXBuildFile section */
		D44C6D641DCBA189006DB663 /* AppDelegate.swift in Sources */ = {isa = PBXBuildFile; fileRef = D44C6D631DCBA189006DB663 /* AppDelegate.swift */; };
		D44C6D661DCBA189006DB663 /* ViewController.swift in Sources */ = {isa = PBXBuildFile; fileRef = D44C6D651DCBA189006DB663 /* ViewController.swift */; };
		D44C6D691DCBA189006DB663 /* Main.storyboard in Resources */ = {isa = PBXBuildFile; fileRef = D44C6D671DCBA189006DB663 /* Main.storyboard */; };
		D44C6D6C1DCBA189006DB663 /* Fooderoso.xcdatamodeld in Sources */ = {isa = PBXBuildFile; fileRef = D44C6D6A1DCBA189006DB663 /* Fooderoso.xcdatamodeld */; };
		D44C6D6E1DCBA189006DB663 /* Assets.xcassets in Resources */ = {isa = PBXBuildFile; fileRef = D44C6D6D1DCBA189006DB663 /* Assets.xcassets */; };
		D44C6D711DCBA189006DB663 /* LaunchScreen.storyboard in Resources */ = {isa = PBXBuildFile; fileRef = D44C6D6F1DCBA189006DB663 /* LaunchScreen.storyboard */; };
		D44C6D7B1DCBACFE006DB663 /* CollectionViewController.swift in Sources */ = {isa = PBXBuildFile; fileRef = D44C6D7A1DCBACFE006DB663 /* CollectionViewController.swift */; };
		D44C6D7D1DCBB212006DB663 /* CellCollection.swift in Sources */ = {isa = PBXBuildFile; fileRef = D44C6D7C1DCBB212006DB663 /* CellCollection.swift */; };
		D44C6D811DCBD247006DB663 /* ProductDetailViewController.swift in Sources */ = {isa = PBXBuildFile; fileRef = D44C6D801DCBD247006DB663 /* ProductDetailViewController.swift */; };
		D44C6D831DCBDBC9006DB663 /* TagsCellCollection.swift in Sources */ = {isa = PBXBuildFile; fileRef = D44C6D821DCBDBC9006DB663 /* TagsCellCollection.swift */; };
/* End PBXBuildFile section */

/* Begin PBXFileReference section */
		D44C6D601DCBA189006DB663 /* Fooderoso.app */ = {isa = PBXFileReference; explicitFileType = wrapper.application; includeInIndex = 0; path = Fooderoso.app; sourceTree = BUILT_PRODUCTS_DIR; };
		D44C6D631DCBA189006DB663 /* AppDelegate.swift */ = {isa = PBXFileReference; lastKnownFileType = sourcecode.swift; path = AppDelegate.swift; sourceTree = "<group>"; };
		D44C6D651DCBA189006DB663 /* ViewController.swift */ = {isa = PBXFileReference; lastKnownFileType = sourcecode.swift; path = ViewController.swift; sourceTree = "<group>"; };
		D44C6D681DCBA189006DB663 /* Base */ = {isa = PBXFileReference; lastKnownFileType = file.storyboard; name = Base; path = Base.lproj/Main.storyboard; sourceTree = "<group>"; };
		D44C6D6B1DCBA189006DB663 /* Fooderoso.xcdatamodel */ = {isa = PBXFileReference; lastKnownFileType = wrapper.xcdatamodel; path = Fooderoso.xcdatamodel; sourceTree = "<group>"; };
		D44C6D6D1DCBA189006DB663 /* Assets.xcassets */ = {isa = PBXFileReference; lastKnownFileType = folder.assetcatalog; path = Assets.xcassets; sourceTree = "<group>"; };
		D44C6D701DCBA189006DB663 /* Base */ = {isa = PBXFileReference; lastKnownFileType = file.storyboard; name = Base; path = Base.lproj/LaunchScreen.storyboard; sourceTree = "<group>"; };
		D44C6D721DCBA189006DB663 /* Info.plist */ = {isa = PBXFileReference; lastKnownFileType = text.plist.xml; path = Info.plist; sourceTree = "<group>"; };
		D44C6D7A1DCBACFE006DB663 /* CollectionViewController.swift */ = {isa = PBXFileReference; fileEncoding = 4; lastKnownFileType = sourcecode.swift; path = CollectionViewController.swift; sourceTree = "<group>"; };
		D44C6D7C1DCBB212006DB663 /* CellCollection.swift */ = {isa = PBXFileReference; fileEncoding = 4; lastKnownFileType = sourcecode.swift; path = CellCollection.swift; sourceTree = "<group>"; };
		D44C6D801DCBD247006DB663 /* ProductDetailViewController.swift */ = {isa = PBXFileReference; fileEncoding = 4; lastKnownFileType = sourcecode.swift; path = ProductDetailViewController.swift; sourceTree = "<group>"; };
		D44C6D821DCBDBC9006DB663 /* TagsCellCollection.swift */ = {isa = PBXFileReference; fileEncoding = 4; lastKnownFileType = sourcecode.swift; path = TagsCellCollection.swift; sourceTree = "<group>"; };
/* End PBXFileReference section */

/* Begin PBXFrameworksBuildPhase section */
		D44C6D5D1DCBA189006DB663 /* Frameworks */ = {
			isa = PBXFrameworksBuildPhase;
			buildActionMask = 2147483647;
			files = (
			);
			runOnlyForDeploymentPostprocessing = 0;
		};
/* End PBXFrameworksBuildPhase section */

/* Begin PBXGroup section */
		D44C6D571DCBA189006DB663 = {
			isa = PBXGroup;
			children = (
				D44C6D621DCBA189006DB663 /* Fooderoso */,
				D44C6D611DCBA189006DB663 /* Products */,
			);
			sourceTree = "<group>";
		};
		D44C6D611DCBA189006DB663 /* Products */ = {
			isa = PBXGroup;
			children = (
				D44C6D601DCBA189006DB663 /* Fooderoso.app */,
			);
			name = Products;
			sourceTree = "<group>";
		};
		D44C6D621DCBA189006DB663 /* Fooderoso */ = {
			isa = PBXGroup;
			children = (
				D44C6D631DCBA189006DB663 /* AppDelegate.swift */,
				D44C6D651DCBA189006DB663 /* ViewController.swift */,
				D44C6D781DCBA1A7006DB663 /* ViewController */,
				D44C6D7F1DCBB249006DB663 /* Model */,
				D44C6D671DCBA189006DB663 /* Main.storyboard */,
				D44C6D6D1DCBA189006DB663 /* Assets.xcassets */,
				D44C6D6F1DCBA189006DB663 /* LaunchScreen.storyboard */,
				D44C6D721DCBA189006DB663 /* Info.plist */,
				D44C6D6A1DCBA189006DB663 /* Fooderoso.xcdatamodeld */,
			);
			path = Fooderoso;
			sourceTree = "<group>";
		};
		D44C6D781DCBA1A7006DB663 /* ViewController */ = {
			isa = PBXGroup;
			children = (
				D44C6D7A1DCBACFE006DB663 /* CollectionViewController.swift */,
				D44C6D801DCBD247006DB663 /* ProductDetailViewController.swift */,
			);
			name = ViewController;
			sourceTree = "<group>";
		};
		D44C6D7F1DCBB249006DB663 /* Model */ = {
			isa = PBXGroup;
			children = (
				D44C6D7C1DCBB212006DB663 /* CellCollection.swift */,
				D44C6D821DCBDBC9006DB663 /* TagsCellCollection.swift */,
			);
			name = Model;
			sourceTree = "<group>";
		};
/* End PBXGroup section */

/* Begin PBXNativeTarget section */
		D44C6D5F1DCBA189006DB663 /* Fooderoso */ = {
			isa = PBXNativeTarget;
			buildConfigurationList = D44C6D751DCBA189006DB663 /* Build configuration list for PBXNativeTarget "Fooderoso" */;
			buildPhases = (
				D44C6D5C1DCBA189006DB663 /* Sources */,
				D44C6D5D1DCBA189006DB663 /* Frameworks */,
				D44C6D5E1DCBA189006DB663 /* Resources */,
			);
			buildRules = (
			);
			dependencies = (
			);
			name = Fooderoso;
			productName = Fooderoso;
			productReference = D44C6D601DCBA189006DB663 /* Fooderoso.app */;
			productType = "com.apple.product-type.application";
		};
/* End PBXNativeTarget section */

/* Begin PBXProject section */
		D44C6D581DCBA189006DB663 /* Project object */ = {
			isa = PBXProject;
			attributes = {
				LastSwiftUpdateCheck = 0810;
				LastUpgradeCheck = 0810;
				ORGANIZATIONNAME = AlunosDeKiev;
				TargetAttributes = {
					D44C6D5F1DCBA189006DB663 = {
						CreatedOnToolsVersion = 8.1;
						DevelopmentTeam = A975LQD622;
						ProvisioningStyle = Automatic;
					};
				};
			};
			buildConfigurationList = D44C6D5B1DCBA189006DB663 /* Build configuration list for PBXProject "Fooderoso" */;
			compatibilityVersion = "Xcode 3.2";
			developmentRegion = English;
			hasScannedForEncodings = 0;
			knownRegions = (
				en,
				Base,
			);
			mainGroup = D44C6D571DCBA189006DB663;
			productRefGroup = D44C6D611DCBA189006DB663 /* Products */;
			projectDirPath = "";
			projectRoot = "";
			targets = (
				D44C6D5F1DCBA189006DB663 /* Fooderoso */,
			);
		};
/* End PBXProject section */

/* Begin PBXResourcesBuildPhase section */
		D44C6D5E1DCBA189006DB663 /* Resources */ = {
			isa = PBXResourcesBuildPhase;
			buildActionMask = 2147483647;
			files = (
				D44C6D711DCBA189006DB663 /* LaunchScreen.storyboard in Resources */,
				D44C6D6E1DCBA189006DB663 /* Assets.xcassets in Resources */,
				D44C6D691DCBA189006DB663 /* Main.storyboard in Resources */,
			);
			runOnlyForDeploymentPostprocessing = 0;
		};
/* End PBXResourcesBuildPhase section */

/* Begin PBXSourcesBuildPhase section */
		D44C6D5C1DCBA189006DB663 /* Sources */ = {
			isa = PBXSourcesBuildPhase;
			buildActionMask = 2147483647;
			files = (
				D44C6D7D1DCBB212006DB663 /* CellCollection.swift in Sources */,
				D44C6D7B1DCBACFE006DB663 /* CollectionViewController.swift in Sources */,
				D44C6D661DCBA189006DB663 /* ViewController.swift in Sources */,
				D44C6D641DCBA189006DB663 /* AppDelegate.swift in Sources */,
				D44C6D6C1DCBA189006DB663 /* Fooderoso.xcdatamodeld in Sources */,
				D44C6D831DCBDBC9006DB663 /* TagsCellCollection.swift in Sources */,
				D44C6D811DCBD247006DB663 /* ProductDetailViewController.swift in Sources */,
			);
			runOnlyForDeploymentPostprocessing = 0;
		};
/* End PBXSourcesBuildPhase section */

/* Begin PBXVariantGroup section */
		D44C6D671DCBA189006DB663 /* Main.storyboard */ = {
			isa = PBXVariantGroup;
			children = (
				D44C6D681DCBA189006DB663 /* Base */,
			);
			name = Main.storyboard;
			sourceTree = "<group>";
		};
		D44C6D6F1DCBA189006DB663 /* LaunchScreen.storyboard */ = {
			isa = PBXVariantGroup;
			children = (
				D44C6D701DCBA189006DB663 /* Base */,
			);
			name = LaunchScreen.storyboard;
			sourceTree = "<group>";
		};
/* End PBXVariantGroup section */

/* Begin XCBuildConfiguration section */
		D44C6D731DCBA189006DB663 /* Debug */ = {
			isa = XCBuildConfiguration;
			buildSettings = {
				ALWAYS_SEARCH_USER_PATHS = NO;
				CLANG_ANALYZER_NONNULL = YES;
				CLANG_CXX_LANGUAGE_STANDARD = "gnu++0x";
				CLANG_CXX_LIBRARY = "libc++";
				CLANG_ENABLE_MODULES = YES;
				CLANG_ENABLE_OBJC_ARC = YES;
				CLANG_WARN_BOOL_CONVERSION = YES;
				CLANG_WARN_CONSTANT_CONVERSION = YES;
				CLANG_WARN_DIRECT_OBJC_ISA_USAGE = YES_ERROR;
				CLANG_WARN_DOCUMENTATION_COMMENTS = YES;
				CLANG_WARN_EMPTY_BODY = YES;
				CLANG_WARN_ENUM_CONVERSION = YES;
				CLANG_WARN_INFINITE_RECURSION = YES;
				CLANG_WARN_INT_CONVERSION = YES;
				CLANG_WARN_OBJC_ROOT_CLASS = YES_ERROR;
				CLANG_WARN_SUSPICIOUS_MOVES = YES;
				CLANG_WARN_UNREACHABLE_CODE = YES;
				CLANG_WARN__DUPLICATE_METHOD_MATCH = YES;
				"CODE_SIGN_IDENTITY[sdk=iphoneos*]" = "iPhone Developer";
				COPY_PHASE_STRIP = NO;
				DEBUG_INFORMATION_FORMAT = dwarf;
				ENABLE_STRICT_OBJC_MSGSEND = YES;
				ENABLE_TESTABILITY = YES;
				GCC_C_LANGUAGE_STANDARD = gnu99;
				GCC_DYNAMIC_NO_PIC = NO;
				GCC_NO_COMMON_BLOCKS = YES;
				GCC_OPTIMIZATION_LEVEL = 0;
				GCC_PREPROCESSOR_DEFINITIONS = (
					"DEBUG=1",
					"$(inherited)",
				);
				GCC_WARN_64_TO_32_BIT_CONVERSION = YES;
				GCC_WARN_ABOUT_RETURN_TYPE = YES_ERROR;
				GCC_WARN_UNDECLARED_SELECTOR = YES;
				GCC_WARN_UNINITIALIZED_AUTOS = YES_AGGRESSIVE;
				GCC_WARN_UNUSED_FUNCTION = YES;
				GCC_WARN_UNUSED_VARIABLE = YES;
				IPHONEOS_DEPLOYMENT_TARGET = 10.1;
				MTL_ENABLE_DEBUG_INFO = YES;
				ONLY_ACTIVE_ARCH = YES;
				SDKROOT = iphoneos;
				SWIFT_ACTIVE_COMPILATION_CONDITIONS = DEBUG;
				SWIFT_OPTIMIZATION_LEVEL = "-Onone";
				TARGETED_DEVICE_FAMILY = "1,2";
			};
			name = Debug;
		};
		D44C6D741DCBA189006DB663 /* Release */ = {
			isa = XCBuildConfiguration;
			buildSettings = {
				ALWAYS_SEARCH_USER_PATHS = NO;
				CLANG_ANALYZER_NONNULL = YES;
				CLANG_CXX_LANGUAGE_STANDARD = "gnu++0x";
				CLANG_CXX_LIBRARY = "libc++";
				CLANG_ENABLE_MODULES = YES;
				CLANG_ENABLE_OBJC_ARC = YES;
				CLANG_WARN_BOOL_CONVERSION = YES;
				CLANG_WARN_CONSTANT_CONVERSION = YES;
				CLANG_WARN_DIRECT_OBJC_ISA_USAGE = YES_ERROR;
				CLANG_WARN_DOCUMENTATION_COMMENTS = YES;
				CLANG_WARN_EMPTY_BODY = YES;
				CLANG_WARN_ENUM_CONVERSION = YES;
				CLANG_WARN_INFINITE_RECURSION = YES;
				CLANG_WARN_INT_CONVERSION = YES;
				CLANG_WARN_OBJC_ROOT_CLASS = YES_ERROR;
				CLANG_WARN_SUSPICIOUS_MOVES = YES;
				CLANG_WARN_UNREACHABLE_CODE = YES;
				CLANG_WARN__DUPLICATE_METHOD_MATCH = YES;
				"CODE_SIGN_IDENTITY[sdk=iphoneos*]" = "iPhone Developer";
				COPY_PHASE_STRIP = NO;
				DEBUG_INFORMATION_FORMAT = "dwarf-with-dsym";
				ENABLE_NS_ASSERTIONS = NO;
				ENABLE_STRICT_OBJC_MSGSEND = YES;
				GCC_C_LANGUAGE_STANDARD = gnu99;
				GCC_NO_COMMON_BLOCKS = YES;
				GCC_WARN_64_TO_32_BIT_CONVERSION = YES;
				GCC_WARN_ABOUT_RETURN_TYPE = YES_ERROR;
				GCC_WARN_UNDECLARED_SELECTOR = YES;
				GCC_WARN_UNINITIALIZED_AUTOS = YES_AGGRESSIVE;
				GCC_WARN_UNUSED_FUNCTION = YES;
				GCC_WARN_UNUSED_VARIABLE = YES;
				IPHONEOS_DEPLOYMENT_TARGET = 10.1;
				MTL_ENABLE_DEBUG_INFO = NO;
				SDKROOT = iphoneos;
				SWIFT_OPTIMIZATION_LEVEL = "-Owholemodule";
				TARGETED_DEVICE_FAMILY = "1,2";
				VALIDATE_PRODUCT = YES;
			};
			name = Release;
		};
		D44C6D761DCBA189006DB663 /* Debug */ = {
			isa = XCBuildConfiguration;
			buildSettings = {
				ASSETCATALOG_COMPILER_APPICON_NAME = AppIcon;
				DEVELOPMENT_TEAM = A975LQD622;
				INFOPLIST_FILE = Fooderoso/Info.plist;
				LD_RUNPATH_SEARCH_PATHS = "$(inherited) @executable_path/Frameworks";
				PRODUCT_BUNDLE_IDENTIFIER = BEPiD.Fooderoso;
				PRODUCT_NAME = "$(TARGET_NAME)";
				SWIFT_VERSION = 3.0;
			};
			name = Debug;
		};
		D44C6D771DCBA189006DB663 /* Release */ = {
			isa = XCBuildConfiguration;
			buildSettings = {
				ASSETCATALOG_COMPILER_APPICON_NAME = AppIcon;
				DEVELOPMENT_TEAM = A975LQD622;
				INFOPLIST_FILE = Fooderoso/Info.plist;
				LD_RUNPATH_SEARCH_PATHS = "$(inherited) @executable_path/Frameworks";
				PRODUCT_BUNDLE_IDENTIFIER = BEPiD.Fooderoso;
				PRODUCT_NAME = "$(TARGET_NAME)";
				SWIFT_VERSION = 3.0;
			};
			name = Release;
		};
/* End XCBuildConfiguration section */

/* Begin XCConfigurationList section */
		D44C6D5B1DCBA189006DB663 /* Build configuration list for PBXProject "Fooderoso" */ = {
			isa = XCConfigurationList;
			buildConfigurations = (
				D44C6D731DCBA189006DB663 /* Debug */,
				D44C6D741DCBA189006DB663 /* Release */,
			);
			defaultConfigurationIsVisible = 0;
			defaultConfigurationName = Release;
		};
		D44C6D751DCBA189006DB663 /* Build configuration list for PBXNativeTarget "Fooderoso" */ = {
			isa = XCConfigurationList;
			buildConfigurations = (
				D44C6D761DCBA189006DB663 /* Debug */,
				D44C6D771DCBA189006DB663 /* Release */,
			);
			defaultConfigurationIsVisible = 0;
		};
/* End XCConfigurationList section */

/* Begin XCVersionGroup section */
		D44C6D6A1DCBA189006DB663 /* Fooderoso.xcdatamodeld */ = {
			isa = XCVersionGroup;
			children = (
				D44C6D6B1DCBA189006DB663 /* Fooderoso.xcdatamodel */,
			);
			currentVersion = D44C6D6B1DCBA189006DB663 /* Fooderoso.xcdatamodel */;
			path = Fooderoso.xcdatamodeld;
			sourceTree = "<group>";
			versionGroupType = wrapper.xcdatamodel;
		};
/* End XCVersionGroup section */
	};
	rootObject = D44C6D581DCBA189006DB663 /* Project object */;
}
